// !$*UTF8*$!
{
	archiveVersion = 1;
	classes = {
	};
	objectVersion = 50;
	objects = {

/* Begin PBXBuildFile section */
		6A0A09CF20C3C6B700042E30 /* LeftViewController.swift in Sources */ = {isa = PBXBuildFile; fileRef = 6A0A09CE20C3C6B700042E30 /* LeftViewController.swift */; };
		6A0B002220CCB85E00B24E01 /* ConfirmEventViewController.swift in Sources */ = {isa = PBXBuildFile; fileRef = 6A0B002120CCB85E00B24E01 /* ConfirmEventViewController.swift */; };
		6A0B002420CD44BF00B24E01 /* NotificationViewController.swift in Sources */ = {isa = PBXBuildFile; fileRef = 6A0B002320CD44BF00B24E01 /* NotificationViewController.swift */; };
		6A0FE79120BBF62700F57405 /* AppDelegate.swift in Sources */ = {isa = PBXBuildFile; fileRef = 6A0FE79020BBF62700F57405 /* AppDelegate.swift */; };
		6A0FE79320BBF62700F57405 /* LoginViewController.swift in Sources */ = {isa = PBXBuildFile; fileRef = 6A0FE79220BBF62700F57405 /* LoginViewController.swift */; };
		6A0FE79620BBF62700F57405 /* Home.storyboard in Resources */ = {isa = PBXBuildFile; fileRef = 6A0FE79420BBF62700F57405 /* Home.storyboard */; };
		6A0FE79820BBF62900F57405 /* Assets.xcassets in Resources */ = {isa = PBXBuildFile; fileRef = 6A0FE79720BBF62900F57405 /* Assets.xcassets */; };
		6A0FE79B20BBF62900F57405 /* LaunchScreen.storyboard in Resources */ = {isa = PBXBuildFile; fileRef = 6A0FE79920BBF62900F57405 /* LaunchScreen.storyboard */; };
		6A25BDCF20EB5AD30041FDB3 /* UILabel+change.swift in Sources */ = {isa = PBXBuildFile; fileRef = 6A25BDCE20EB5AD30041FDB3 /* UILabel+change.swift */; };
		6A296F7F20E8BEF600BA39E9 /* UIApplication.swift in Sources */ = {isa = PBXBuildFile; fileRef = 6A296F7E20E8BEF600BA39E9 /* UIApplication.swift */; };
		6A2DAF5220D8EA18001554E8 /* Notification.storyboard in Resources */ = {isa = PBXBuildFile; fileRef = 6A2DAF5120D8EA18001554E8 /* Notification.storyboard */; };
		6A2DAF5720D90FCA001554E8 /* MakeEvent.storyboard in Resources */ = {isa = PBXBuildFile; fileRef = 6A2DAF5620D90FCA001554E8 /* MakeEvent.storyboard */; };
		6A440F3920BE319B002EED8C /* images.xcassets in Resources */ = {isa = PBXBuildFile; fileRef = 6A440F3820BE319B002EED8C /* images.xcassets */; };
		6A440F3F20C03375002EED8C /* DatePickerTextField.swift in Sources */ = {isa = PBXBuildFile; fileRef = 6A440F3E20C03375002EED8C /* DatePickerTextField.swift */; };
		6A440F4120C03B3A002EED8C /* TimePickerTextField.swift in Sources */ = {isa = PBXBuildFile; fileRef = 6A440F4020C03B3A002EED8C /* TimePickerTextField.swift */; };
		6A4D37A820CF7841000A6652 /* UIBarButtonItem+Hidden.swift in Sources */ = {isa = PBXBuildFile; fileRef = 6A4D37A720CF7841000A6652 /* UIBarButtonItem+Hidden.swift */; };
		6A4D37AA20CFD1C9000A6652 /* MadeEventViewController.swift in Sources */ = {isa = PBXBuildFile; fileRef = 6A4D37A920CFD1C9000A6652 /* MadeEventViewController.swift */; };
		6A53134A20D4EC46008491EA /* EventDetailViewController.swift in Sources */ = {isa = PBXBuildFile; fileRef = 6A53134920D4EC46008491EA /* EventDetailViewController.swift */; };
		6A5708A020E201690006F813 /* Login.storyboard in Resources */ = {isa = PBXBuildFile; fileRef = 6A57089F20E201690006F813 /* Login.storyboard */; };
		6A5708A320E22A590006F813 /* ConfirmViewController.swift in Sources */ = {isa = PBXBuildFile; fileRef = 6A5708A220E22A590006F813 /* ConfirmViewController.swift */; };
		6A5A75EB20CC0B3300F20459 /* TextField+underline.swift in Sources */ = {isa = PBXBuildFile; fileRef = 6A5A75EA20CC0B3300F20459 /* TextField+underline.swift */; };
		6A5A75ED20CC0EAE00F20459 /* ProfileTextView.swift in Sources */ = {isa = PBXBuildFile; fileRef = 6A5A75EC20CC0EAE00F20459 /* ProfileTextView.swift */; };
		6A65B9C620E7713E00F62AE2 /* Transition.swift in Sources */ = {isa = PBXBuildFile; fileRef = 6A65B9C520E7713E00F62AE2 /* Transition.swift */; };
		6A6B832120C8DC90009B60F3 /* ProfileConfigViewController.swift in Sources */ = {isa = PBXBuildFile; fileRef = 6A6B832020C8DC90009B60F3 /* ProfileConfigViewController.swift */; };
		6A78BBA320CA6FD9000B3F12 /* UnivPickerTextField.swift in Sources */ = {isa = PBXBuildFile; fileRef = 6A78BBA220CA6FD9000B3F12 /* UnivPickerTextField.swift */; };
		6A8B4BA020BD2D6600760FAA /* UIView+Border.swift in Sources */ = {isa = PBXBuildFile; fileRef = 6A8B4B9F20BD2D6600760FAA /* UIView+Border.swift */; };
		6A8B4BAA20BD92E000760FAA /* HomeViewController.swift in Sources */ = {isa = PBXBuildFile; fileRef = 6A8B4BA920BD92E000760FAA /* HomeViewController.swift */; };
		6A8ED9B620EF40C3000C562B /* MakeEventViewController.swift in Sources */ = {isa = PBXBuildFile; fileRef = 6A440F3A20BE5F74002EED8C /* MakeEventViewController.swift */; };
		6A8F160820C119AC0098CBFD /* CheckBoxUIButton.swift in Sources */ = {isa = PBXBuildFile; fileRef = 6A8F160720C119AC0098CBFD /* CheckBoxUIButton.swift */; };
		6A9F01FB20DA94CE00AFC6F5 /* AgreementViewController.swift in Sources */ = {isa = PBXBuildFile; fileRef = 6A9F01FA20DA94CE00AFC6F5 /* AgreementViewController.swift */; };
		6ACB951220D8979E00BF619D /* MadeEvent.storyboard in Resources */ = {isa = PBXBuildFile; fileRef = 6ACB951120D8979E00BF619D /* MadeEvent.storyboard */; };
		6ACB951420D8A13200BF619D /* ConfigEventViewController.swift in Sources */ = {isa = PBXBuildFile; fileRef = 6ACB951320D8A13200BF619D /* ConfigEventViewController.swift */; };
		6AD4582521060A16003472B8 /* HomeCell.swift in Sources */ = {isa = PBXBuildFile; fileRef = 6AD4582421060A16003472B8 /* HomeCell.swift */; };
		6AE54BD52105F27400702DBB /* GoodUIButtonChecked.swift in Sources */ = {isa = PBXBuildFile; fileRef = 6AE54BD42105F27400702DBB /* GoodUIButtonChecked.swift */; };
		6AFEF61720D76459001F4C6B /* Animator.swift in Sources */ = {isa = PBXBuildFile; fileRef = 6AFEF61620D76459001F4C6B /* Animator.swift */; };
		6AFEF61D20D7E9F3001F4C6B /* EventDetail.storyboard in Resources */ = {isa = PBXBuildFile; fileRef = 6AFEF61C20D7E9F3001F4C6B /* EventDetail.storyboard */; };
		C93B889B2116615E84335E3A /* Pods_soda.framework in Frameworks */ = {isa = PBXBuildFile; fileRef = D7A48058C96DB0B44BB35990 /* Pods_soda.framework */; };
/* End PBXBuildFile section */

/* Begin PBXFileReference section */
		148CEFB55D518DEB8730DB64 /* Pods-soda.debug.xcconfig */ = {isa = PBXFileReference; includeInIndex = 1; lastKnownFileType = text.xcconfig; name = "Pods-soda.debug.xcconfig"; path = "Pods/Target Support Files/Pods-soda/Pods-soda.debug.xcconfig"; sourceTree = "<group>"; };
		44CD6AFB04949879D18F3300 /* Pods-soda.release.xcconfig */ = {isa = PBXFileReference; includeInIndex = 1; lastKnownFileType = text.xcconfig; name = "Pods-soda.release.xcconfig"; path = "Pods/Target Support Files/Pods-soda/Pods-soda.release.xcconfig"; sourceTree = "<group>"; };
		6A0A09CE20C3C6B700042E30 /* LeftViewController.swift */ = {isa = PBXFileReference; lastKnownFileType = sourcecode.swift; path = LeftViewController.swift; sourceTree = "<group>"; };
		6A0B002120CCB85E00B24E01 /* ConfirmEventViewController.swift */ = {isa = PBXFileReference; lastKnownFileType = sourcecode.swift; path = ConfirmEventViewController.swift; sourceTree = "<group>"; };
		6A0B002320CD44BF00B24E01 /* NotificationViewController.swift */ = {isa = PBXFileReference; lastKnownFileType = sourcecode.swift; path = NotificationViewController.swift; sourceTree = "<group>"; };
		6A0FE78D20BBF62700F57405 /* soda.app */ = {isa = PBXFileReference; explicitFileType = wrapper.application; includeInIndex = 0; path = soda.app; sourceTree = BUILT_PRODUCTS_DIR; };
		6A0FE79020BBF62700F57405 /* AppDelegate.swift */ = {isa = PBXFileReference; lastKnownFileType = sourcecode.swift; path = AppDelegate.swift; sourceTree = "<group>"; };
		6A0FE79220BBF62700F57405 /* LoginViewController.swift */ = {isa = PBXFileReference; lastKnownFileType = sourcecode.swift; path = LoginViewController.swift; sourceTree = "<group>"; };
		6A0FE79520BBF62700F57405 /* Base */ = {isa = PBXFileReference; lastKnownFileType = file.storyboard; name = Base; path = Base.lproj/Home.storyboard; sourceTree = "<group>"; };
		6A0FE79720BBF62900F57405 /* Assets.xcassets */ = {isa = PBXFileReference; lastKnownFileType = folder.assetcatalog; path = Assets.xcassets; sourceTree = "<group>"; };
		6A0FE79A20BBF62900F57405 /* Base */ = {isa = PBXFileReference; lastKnownFileType = file.storyboard; name = Base; path = Base.lproj/LaunchScreen.storyboard; sourceTree = "<group>"; };
		6A0FE79C20BBF62900F57405 /* Info.plist */ = {isa = PBXFileReference; lastKnownFileType = text.plist.xml; path = Info.plist; sourceTree = "<group>"; };
		6A25BDCE20EB5AD30041FDB3 /* UILabel+change.swift */ = {isa = PBXFileReference; lastKnownFileType = sourcecode.swift; path = "UILabel+change.swift"; sourceTree = "<group>"; };
		6A296F7E20E8BEF600BA39E9 /* UIApplication.swift */ = {isa = PBXFileReference; lastKnownFileType = sourcecode.swift; path = UIApplication.swift; sourceTree = "<group>"; };
		6A2DAF5120D8EA18001554E8 /* Notification.storyboard */ = {isa = PBXFileReference; lastKnownFileType = file.storyboard; path = Notification.storyboard; sourceTree = "<group>"; };
		6A2DAF5620D90FCA001554E8 /* MakeEvent.storyboard */ = {isa = PBXFileReference; lastKnownFileType = file.storyboard; path = MakeEvent.storyboard; sourceTree = "<group>"; };
		6A440F3820BE319B002EED8C /* images.xcassets */ = {isa = PBXFileReference; lastKnownFileType = folder.assetcatalog; path = images.xcassets; sourceTree = "<group>"; };
		6A440F3A20BE5F74002EED8C /* MakeEventViewController.swift */ = {isa = PBXFileReference; lastKnownFileType = sourcecode.swift; path = MakeEventViewController.swift; sourceTree = "<group>"; };
		6A440F3E20C03375002EED8C /* DatePickerTextField.swift */ = {isa = PBXFileReference; lastKnownFileType = sourcecode.swift; path = DatePickerTextField.swift; sourceTree = "<group>"; };
		6A440F4020C03B3A002EED8C /* TimePickerTextField.swift */ = {isa = PBXFileReference; lastKnownFileType = sourcecode.swift; path = TimePickerTextField.swift; sourceTree = "<group>"; };
		6A4D37A720CF7841000A6652 /* UIBarButtonItem+Hidden.swift */ = {isa = PBXFileReference; lastKnownFileType = sourcecode.swift; path = "UIBarButtonItem+Hidden.swift"; sourceTree = "<group>"; };
		6A4D37A920CFD1C9000A6652 /* MadeEventViewController.swift */ = {isa = PBXFileReference; lastKnownFileType = sourcecode.swift; path = MadeEventViewController.swift; sourceTree = "<group>"; };
		6A53134920D4EC46008491EA /* EventDetailViewController.swift */ = {isa = PBXFileReference; lastKnownFileType = sourcecode.swift; path = EventDetailViewController.swift; sourceTree = "<group>"; };
		6A57089F20E201690006F813 /* Login.storyboard */ = {isa = PBXFileReference; lastKnownFileType = file.storyboard; path = Login.storyboard; sourceTree = "<group>"; };
		6A5708A220E22A590006F813 /* ConfirmViewController.swift */ = {isa = PBXFileReference; lastKnownFileType = sourcecode.swift; path = ConfirmViewController.swift; sourceTree = "<group>"; };
		6A5A75EA20CC0B3300F20459 /* TextField+underline.swift */ = {isa = PBXFileReference; lastKnownFileType = sourcecode.swift; path = "TextField+underline.swift"; sourceTree = "<group>"; };
		6A5A75EC20CC0EAE00F20459 /* ProfileTextView.swift */ = {isa = PBXFileReference; lastKnownFileType = sourcecode.swift; path = ProfileTextView.swift; sourceTree = "<group>"; };
		6A65B9C520E7713E00F62AE2 /* Transition.swift */ = {isa = PBXFileReference; lastKnownFileType = sourcecode.swift; path = Transition.swift; sourceTree = "<group>"; };
		6A6B832020C8DC90009B60F3 /* ProfileConfigViewController.swift */ = {isa = PBXFileReference; lastKnownFileType = sourcecode.swift; path = ProfileConfigViewController.swift; sourceTree = "<group>"; };
		6A78BBA220CA6FD9000B3F12 /* UnivPickerTextField.swift */ = {isa = PBXFileReference; lastKnownFileType = sourcecode.swift; path = UnivPickerTextField.swift; sourceTree = "<group>"; };
		6A8B4B9F20BD2D6600760FAA /* UIView+Border.swift */ = {isa = PBXFileReference; lastKnownFileType = sourcecode.swift; path = "UIView+Border.swift"; sourceTree = "<group>"; };
		6A8B4BA920BD92E000760FAA /* HomeViewController.swift */ = {isa = PBXFileReference; lastKnownFileType = sourcecode.swift; path = HomeViewController.swift; sourceTree = "<group>"; };
		6A8F160720C119AC0098CBFD /* CheckBoxUIButton.swift */ = {isa = PBXFileReference; lastKnownFileType = sourcecode.swift; path = CheckBoxUIButton.swift; sourceTree = "<group>"; };
		6A9F01FA20DA94CE00AFC6F5 /* AgreementViewController.swift */ = {isa = PBXFileReference; lastKnownFileType = sourcecode.swift; path = AgreementViewController.swift; sourceTree = "<group>"; };
		6ACB951120D8979E00BF619D /* MadeEvent.storyboard */ = {isa = PBXFileReference; lastKnownFileType = file.storyboard; path = MadeEvent.storyboard; sourceTree = "<group>"; };
		6ACB951320D8A13200BF619D /* ConfigEventViewController.swift */ = {isa = PBXFileReference; lastKnownFileType = sourcecode.swift; path = ConfigEventViewController.swift; sourceTree = "<group>"; };
		6AD4582421060A16003472B8 /* HomeCell.swift */ = {isa = PBXFileReference; lastKnownFileType = sourcecode.swift; path = HomeCell.swift; sourceTree = "<group>"; };
		6AE54BD42105F27400702DBB /* GoodUIButtonChecked.swift */ = {isa = PBXFileReference; lastKnownFileType = sourcecode.swift; path = GoodUIButtonChecked.swift; sourceTree = "<group>"; };
		6AFEF61620D76459001F4C6B /* Animator.swift */ = {isa = PBXFileReference; lastKnownFileType = sourcecode.swift; path = Animator.swift; sourceTree = "<group>"; };
		6AFEF61C20D7E9F3001F4C6B /* EventDetail.storyboard */ = {isa = PBXFileReference; lastKnownFileType = file.storyboard; path = EventDetail.storyboard; sourceTree = "<group>"; };
		D7A48058C96DB0B44BB35990 /* Pods_soda.framework */ = {isa = PBXFileReference; explicitFileType = wrapper.framework; includeInIndex = 0; path = Pods_soda.framework; sourceTree = BUILT_PRODUCTS_DIR; };
/* End PBXFileReference section */

/* Begin PBXFrameworksBuildPhase section */
		6A0FE78A20BBF62700F57405 /* Frameworks */ = {
			isa = PBXFrameworksBuildPhase;
			buildActionMask = 2147483647;
			files = (
				C93B889B2116615E84335E3A /* Pods_soda.framework in Frameworks */,
			);
			runOnlyForDeploymentPostprocessing = 0;
		};
/* End PBXFrameworksBuildPhase section */

/* Begin PBXGroup section */
		2F8632669A351B205139E90D /* Pods */ = {
			isa = PBXGroup;
			children = (
				148CEFB55D518DEB8730DB64 /* Pods-soda.debug.xcconfig */,
				44CD6AFB04949879D18F3300 /* Pods-soda.release.xcconfig */,
			);
			name = Pods;
			sourceTree = "<group>";
		};
		6A0FE78420BBF62700F57405 = {
			isa = PBXGroup;
			children = (
				6A0FE78F20BBF62700F57405 /* soda */,
				6A0FE78E20BBF62700F57405 /* Products */,
				2F8632669A351B205139E90D /* Pods */,
				A2EAADEB9A6BDE042765A1D2 /* Frameworks */,
			);
			sourceTree = "<group>";
		};
		6A0FE78E20BBF62700F57405 /* Products */ = {
			isa = PBXGroup;
			children = (
				6A0FE78D20BBF62700F57405 /* soda.app */,
			);
			name = Products;
			sourceTree = "<group>";
		};
		6A0FE78F20BBF62700F57405 /* soda */ = {
			isa = PBXGroup;
			children = (
				6A440F3820BE319B002EED8C /* images.xcassets */,
				6A8B4B9E20BD2B1200760FAA /* Extension */,
				6A8F160620C0FD690098CBFD /* Class */,
				6A0FE79020BBF62700F57405 /* AppDelegate.swift */,
				6A8B4BA920BD92E000760FAA /* HomeViewController.swift */,
				6A0A09CE20C3C6B700042E30 /* LeftViewController.swift */,
				6A440F3A20BE5F74002EED8C /* MakeEventViewController.swift */,
				6A6B832020C8DC90009B60F3 /* ProfileConfigViewController.swift */,
				6A4D37A920CFD1C9000A6652 /* MadeEventViewController.swift */,
				6A0FE79420BBF62700F57405 /* Home.storyboard */,
				6A9F01FA20DA94CE00AFC6F5 /* AgreementViewController.swift */,
				6A5708A120E2111E0006F813 /* Login */,
				6A2DAF5320D8EA46001554E8 /* Notification */,
				6A2DAF5020D8E80E001554E8 /* MadeEvent */,
				6A2DAF4F20D8E730001554E8 /* EventDetil */,
				6A2DAF5520D8FC32001554E8 /* MakeEvent */,
				6A0FE79720BBF62900F57405 /* Assets.xcassets */,
				6A0FE79920BBF62900F57405 /* LaunchScreen.storyboard */,
				6A0FE79C20BBF62900F57405 /* Info.plist */,
			);
			path = soda;
			sourceTree = "<group>";
		};
		6A2DAF4F20D8E730001554E8 /* EventDetil */ = {
			isa = PBXGroup;
			children = (
				6A53134920D4EC46008491EA /* EventDetailViewController.swift */,
				6AFEF61C20D7E9F3001F4C6B /* EventDetail.storyboard */,
			);
			path = EventDetil;
			sourceTree = "<group>";
		};
		6A2DAF5020D8E80E001554E8 /* MadeEvent */ = {
			isa = PBXGroup;
			children = (
				6ACB951320D8A13200BF619D /* ConfigEventViewController.swift */,
				6A0B002120CCB85E00B24E01 /* ConfirmEventViewController.swift */,
				6ACB951120D8979E00BF619D /* MadeEvent.storyboard */,
			);
			path = MadeEvent;
			sourceTree = "<group>";
		};
		6A2DAF5320D8EA46001554E8 /* Notification */ = {
			isa = PBXGroup;
			children = (
				6A0B002320CD44BF00B24E01 /* NotificationViewController.swift */,
				6A2DAF5120D8EA18001554E8 /* Notification.storyboard */,
			);
			path = Notification;
			sourceTree = "<group>";
		};
		6A2DAF5520D8FC32001554E8 /* MakeEvent */ = {
			isa = PBXGroup;
			children = (
				6A2DAF5620D90FCA001554E8 /* MakeEvent.storyboard */,
				6A5708A220E22A590006F813 /* ConfirmViewController.swift */,
			);
			path = MakeEvent;
			sourceTree = "<group>";
		};
		6A5708A120E2111E0006F813 /* Login */ = {
			isa = PBXGroup;
			children = (
				6A0FE79220BBF62700F57405 /* LoginViewController.swift */,
				6A57089F20E201690006F813 /* Login.storyboard */,
			);
			path = Login;
			sourceTree = "<group>";
		};
		6A8B4B9E20BD2B1200760FAA /* Extension */ = {
			isa = PBXGroup;
			children = (
				6A8B4B9F20BD2D6600760FAA /* UIView+Border.swift */,
				6A4D37A720CF7841000A6652 /* UIBarButtonItem+Hidden.swift */,
				6A5A75EA20CC0B3300F20459 /* TextField+underline.swift */,
				6AFEF61620D76459001F4C6B /* Animator.swift */,
				6A65B9C520E7713E00F62AE2 /* Transition.swift */,
				6A296F7E20E8BEF600BA39E9 /* UIApplication.swift */,
				6A25BDCE20EB5AD30041FDB3 /* UILabel+change.swift */,
			);
			path = Extension;
			sourceTree = "<group>";
		};
		6A8F160620C0FD690098CBFD /* Class */ = {
			isa = PBXGroup;
			children = (
				6A440F3E20C03375002EED8C /* DatePickerTextField.swift */,
				6A440F4020C03B3A002EED8C /* TimePickerTextField.swift */,
				6A8F160720C119AC0098CBFD /* CheckBoxUIButton.swift */,
				6A78BBA220CA6FD9000B3F12 /* UnivPickerTextField.swift */,
				6A5A75EC20CC0EAE00F20459 /* ProfileTextView.swift */,
				6AE54BD42105F27400702DBB /* GoodUIButtonChecked.swift */,
				6AD4582421060A16003472B8 /* HomeCell.swift */,
			);
			path = Class;
			sourceTree = "<group>";
		};
		A2EAADEB9A6BDE042765A1D2 /* Frameworks */ = {
			isa = PBXGroup;
			children = (
				D7A48058C96DB0B44BB35990 /* Pods_soda.framework */,
			);
			name = Frameworks;
			sourceTree = "<group>";
		};
/* End PBXGroup section */

/* Begin PBXNativeTarget section */
		6A0FE78C20BBF62700F57405 /* soda */ = {
			isa = PBXNativeTarget;
			buildConfigurationList = 6A0FE79F20BBF62900F57405 /* Build configuration list for PBXNativeTarget "soda" */;
			buildPhases = (
				4BE79A1C6F7AA3B8F775FA38 /* [CP] Check Pods Manifest.lock */,
				6A0FE78920BBF62700F57405 /* Sources */,
				6A0FE78A20BBF62700F57405 /* Frameworks */,
				6A0FE78B20BBF62700F57405 /* Resources */,
				EBE21F334375B956D4F8A702 /* [CP] Embed Pods Frameworks */,
			);
			buildRules = (
			);
			dependencies = (
			);
			name = soda;
			productName = soda;
			productReference = 6A0FE78D20BBF62700F57405 /* soda.app */;
			productType = "com.apple.product-type.application";
		};
/* End PBXNativeTarget section */

/* Begin PBXProject section */
		6A0FE78520BBF62700F57405 /* Project object */ = {
			isa = PBXProject;
			attributes = {
				LastSwiftUpdateCheck = 0930;
				LastUpgradeCheck = 0930;
				ORGANIZATIONNAME = "Ryuichi Takayama";
				TargetAttributes = {
					6A0FE78C20BBF62700F57405 = {
						CreatedOnToolsVersion = 9.3.1;
					};
				};
			};
			buildConfigurationList = 6A0FE78820BBF62700F57405 /* Build configuration list for PBXProject "soda" */;
			compatibilityVersion = "Xcode 9.3";
			developmentRegion = en;
			hasScannedForEncodings = 0;
			knownRegions = (
				en,
				Base,
			);
			mainGroup = 6A0FE78420BBF62700F57405;
			productRefGroup = 6A0FE78E20BBF62700F57405 /* Products */;
			projectDirPath = "";
			projectRoot = "";
			targets = (
				6A0FE78C20BBF62700F57405 /* soda */,
			);
		};
/* End PBXProject section */

/* Begin PBXResourcesBuildPhase section */
		6A0FE78B20BBF62700F57405 /* Resources */ = {
			isa = PBXResourcesBuildPhase;
			buildActionMask = 2147483647;
			files = (
				6A0FE79B20BBF62900F57405 /* LaunchScreen.storyboard in Resources */,
				6A440F3920BE319B002EED8C /* images.xcassets in Resources */,
				6A0FE79820BBF62900F57405 /* Assets.xcassets in Resources */,
				6A2DAF5720D90FCA001554E8 /* MakeEvent.storyboard in Resources */,
				6A0FE79620BBF62700F57405 /* Home.storyboard in Resources */,
				6ACB951220D8979E00BF619D /* MadeEvent.storyboard in Resources */,
				6AFEF61D20D7E9F3001F4C6B /* EventDetail.storyboard in Resources */,
				6A2DAF5220D8EA18001554E8 /* Notification.storyboard in Resources */,
				6A5708A020E201690006F813 /* Login.storyboard in Resources */,
			);
			runOnlyForDeploymentPostprocessing = 0;
		};
/* End PBXResourcesBuildPhase section */

/* Begin PBXShellScriptBuildPhase section */
		4BE79A1C6F7AA3B8F775FA38 /* [CP] Check Pods Manifest.lock */ = {
			isa = PBXShellScriptBuildPhase;
			buildActionMask = 2147483647;
			files = (
			);
			inputPaths = (
				"${PODS_PODFILE_DIR_PATH}/Podfile.lock",
				"${PODS_ROOT}/Manifest.lock",
			);
			name = "[CP] Check Pods Manifest.lock";
			outputPaths = (
				"$(DERIVED_FILE_DIR)/Pods-soda-checkManifestLockResult.txt",
			);
			runOnlyForDeploymentPostprocessing = 0;
			shellPath = /bin/sh;
			shellScript = "diff \"${PODS_PODFILE_DIR_PATH}/Podfile.lock\" \"${PODS_ROOT}/Manifest.lock\" > /dev/null\nif [ $? != 0 ] ; then\n    # print error to STDERR\n    echo \"error: The sandbox is not in sync with the Podfile.lock. Run 'pod install' or update your CocoaPods installation.\" >&2\n    exit 1\nfi\n# This output is used by Xcode 'outputs' to avoid re-running this script phase.\necho \"SUCCESS\" > \"${SCRIPT_OUTPUT_FILE_0}\"\n";
			showEnvVarsInLog = 0;
		};
		EBE21F334375B956D4F8A702 /* [CP] Embed Pods Frameworks */ = {
			isa = PBXShellScriptBuildPhase;
			buildActionMask = 2147483647;
			files = (
			);
			inputPaths = (
				"${SRCROOT}/Pods/Target Support Files/Pods-soda/Pods-soda-frameworks.sh",
				"${BUILT_PRODUCTS_DIR}/Bolts/Bolts.framework",
				"${BUILT_PRODUCTS_DIR}/FBSDKCoreKit/FBSDKCoreKit.framework",
				"${BUILT_PRODUCTS_DIR}/FBSDKLoginKit/FBSDKLoginKit.framework",
				"${BUILT_PRODUCTS_DIR}/FBSDKShareKit/FBSDKShareKit.framework",
				"${BUILT_PRODUCTS_DIR}/FacebookCore/FacebookCore.framework",
				"${BUILT_PRODUCTS_DIR}/FacebookLogin/FacebookLogin.framework",
				"${BUILT_PRODUCTS_DIR}/FacebookShare/FacebookShare.framework",
				"${BUILT_PRODUCTS_DIR}/SlideMenuControllerSwift/SlideMenuControllerSwift.framework",
			);
			name = "[CP] Embed Pods Frameworks";
			outputPaths = (
				"${TARGET_BUILD_DIR}/${FRAMEWORKS_FOLDER_PATH}/Bolts.framework",
				"${TARGET_BUILD_DIR}/${FRAMEWORKS_FOLDER_PATH}/FBSDKCoreKit.framework",
				"${TARGET_BUILD_DIR}/${FRAMEWORKS_FOLDER_PATH}/FBSDKLoginKit.framework",
				"${TARGET_BUILD_DIR}/${FRAMEWORKS_FOLDER_PATH}/FBSDKShareKit.framework",
				"${TARGET_BUILD_DIR}/${FRAMEWORKS_FOLDER_PATH}/FacebookCore.framework",
				"${TARGET_BUILD_DIR}/${FRAMEWORKS_FOLDER_PATH}/FacebookLogin.framework",
				"${TARGET_BUILD_DIR}/${FRAMEWORKS_FOLDER_PATH}/FacebookShare.framework",
				"${TARGET_BUILD_DIR}/${FRAMEWORKS_FOLDER_PATH}/SlideMenuControllerSwift.framework",
			);
			runOnlyForDeploymentPostprocessing = 0;
			shellPath = /bin/sh;
			shellScript = "\"${SRCROOT}/Pods/Target Support Files/Pods-soda/Pods-soda-frameworks.sh\"\n";
			showEnvVarsInLog = 0;
		};
/* End PBXShellScriptBuildPhase section */

/* Begin PBXSourcesBuildPhase section */
		6A0FE78920BBF62700F57405 /* Sources */ = {
			isa = PBXSourcesBuildPhase;
			buildActionMask = 2147483647;
			files = (
				6AFEF61720D76459001F4C6B /* Animator.swift in Sources */,
				6A53134A20D4EC46008491EA /* EventDetailViewController.swift in Sources */,
				6AE54BD52105F27400702DBB /* GoodUIButtonChecked.swift in Sources */,
				6A296F7F20E8BEF600BA39E9 /* UIApplication.swift in Sources */,
				6A5A75EB20CC0B3300F20459 /* TextField+underline.swift in Sources */,
				6A0B002420CD44BF00B24E01 /* NotificationViewController.swift in Sources */,
				6A4D37A820CF7841000A6652 /* UIBarButtonItem+Hidden.swift in Sources */,
				6AD4582521060A16003472B8 /* HomeCell.swift in Sources */,
				6A440F4120C03B3A002EED8C /* TimePickerTextField.swift in Sources */,
				6A8F160820C119AC0098CBFD /* CheckBoxUIButton.swift in Sources */,
				6A25BDCF20EB5AD30041FDB3 /* UILabel+change.swift in Sources */,
				6A0FE79320BBF62700F57405 /* LoginViewController.swift in Sources */,
				6A8ED9B620EF40C3000C562B /* MakeEventViewController.swift in Sources */,
				6A0A09CF20C3C6B700042E30 /* LeftViewController.swift in Sources */,
				6A0B002220CCB85E00B24E01 /* ConfirmEventViewController.swift in Sources */,
				6A5708A320E22A590006F813 /* ConfirmViewController.swift in Sources */,
				6A78BBA320CA6FD9000B3F12 /* UnivPickerTextField.swift in Sources */,
				6A9F01FB20DA94CE00AFC6F5 /* AgreementViewController.swift in Sources */,
				6A4D37AA20CFD1C9000A6652 /* MadeEventViewController.swift in Sources */,
				6ACB951420D8A13200BF619D /* ConfigEventViewController.swift in Sources */,
				6A65B9C620E7713E00F62AE2 /* Transition.swift in Sources */,
				6A5A75ED20CC0EAE00F20459 /* ProfileTextView.swift in Sources */,
				6A0FE79120BBF62700F57405 /* AppDelegate.swift in Sources */,
				6A8B4BA020BD2D6600760FAA /* UIView+Border.swift in Sources */,
				6A6B832120C8DC90009B60F3 /* ProfileConfigViewController.swift in Sources */,
				6A8B4BAA20BD92E000760FAA /* HomeViewController.swift in Sources */,
				6A440F3F20C03375002EED8C /* DatePickerTextField.swift in Sources */,
			);
			runOnlyForDeploymentPostprocessing = 0;
		};
/* End PBXSourcesBuildPhase section */

/* Begin PBXVariantGroup section */
		6A0FE79420BBF62700F57405 /* Home.storyboard */ = {
			isa = PBXVariantGroup;
			children = (
				6A0FE79520BBF62700F57405 /* Base */,
			);
			name = Home.storyboard;
			sourceTree = "<group>";
		};
		6A0FE79920BBF62900F57405 /* LaunchScreen.storyboard */ = {
			isa = PBXVariantGroup;
			children = (
				6A0FE79A20BBF62900F57405 /* Base */,
			);
			name = LaunchScreen.storyboard;
			sourceTree = "<group>";
		};
/* End PBXVariantGroup section */

/* Begin XCBuildConfiguration section */
		6A0FE79D20BBF62900F57405 /* Debug */ = {
			isa = XCBuildConfiguration;
			buildSettings = {
				ALWAYS_SEARCH_USER_PATHS = NO;
				CLANG_ANALYZER_NONNULL = YES;
				CLANG_ANALYZER_NUMBER_OBJECT_CONVERSION = YES_AGGRESSIVE;
				CLANG_CXX_LANGUAGE_STANDARD = "gnu++14";
				CLANG_CXX_LIBRARY = "libc++";
				CLANG_ENABLE_MODULES = YES;
				CLANG_ENABLE_OBJC_ARC = YES;
				CLANG_ENABLE_OBJC_WEAK = YES;
				CLANG_WARN_BLOCK_CAPTURE_AUTORELEASING = YES;
				CLANG_WARN_BOOL_CONVERSION = YES;
				CLANG_WARN_COMMA = YES;
				CLANG_WARN_CONSTANT_CONVERSION = YES;
				CLANG_WARN_DEPRECATED_OBJC_IMPLEMENTATIONS = YES;
				CLANG_WARN_DIRECT_OBJC_ISA_USAGE = YES_ERROR;
				CLANG_WARN_DOCUMENTATION_COMMENTS = YES;
				CLANG_WARN_EMPTY_BODY = YES;
				CLANG_WARN_ENUM_CONVERSION = YES;
				CLANG_WARN_INFINITE_RECURSION = YES;
				CLANG_WARN_INT_CONVERSION = YES;
				CLANG_WARN_NON_LITERAL_NULL_CONVERSION = YES;
				CLANG_WARN_OBJC_IMPLICIT_RETAIN_SELF = YES;
				CLANG_WARN_OBJC_LITERAL_CONVERSION = YES;
				CLANG_WARN_OBJC_ROOT_CLASS = YES_ERROR;
				CLANG_WARN_RANGE_LOOP_ANALYSIS = YES;
				CLANG_WARN_STRICT_PROTOTYPES = YES;
				CLANG_WARN_SUSPICIOUS_MOVE = YES;
				CLANG_WARN_UNGUARDED_AVAILABILITY = YES_AGGRESSIVE;
				CLANG_WARN_UNREACHABLE_CODE = YES;
				CLANG_WARN__DUPLICATE_METHOD_MATCH = YES;
				CODE_SIGN_IDENTITY = "iPhone Developer";
				COPY_PHASE_STRIP = NO;
				DEBUG_INFORMATION_FORMAT = dwarf;
				ENABLE_STRICT_OBJC_MSGSEND = YES;
				ENABLE_TESTABILITY = YES;
				GCC_C_LANGUAGE_STANDARD = gnu11;
				GCC_DYNAMIC_NO_PIC = NO;
				GCC_NO_COMMON_BLOCKS = YES;
				GCC_OPTIMIZATION_LEVEL = 0;
				GCC_PREPROCESSOR_DEFINITIONS = (
					"DEBUG=1",
					"$(inherited)",
				);
				GCC_WARN_64_TO_32_BIT_CONVERSION = YES;
				GCC_WARN_ABOUT_RETURN_TYPE = YES_ERROR;
				GCC_WARN_UNDECLARED_SELECTOR = YES;
				GCC_WARN_UNINITIALIZED_AUTOS = YES_AGGRESSIVE;
				GCC_WARN_UNUSED_FUNCTION = YES;
				GCC_WARN_UNUSED_VARIABLE = YES;
				IPHONEOS_DEPLOYMENT_TARGET = 11.3;
				MTL_ENABLE_DEBUG_INFO = YES;
				ONLY_ACTIVE_ARCH = YES;
				SDKROOT = iphoneos;
				SWIFT_ACTIVE_COMPILATION_CONDITIONS = DEBUG;
				SWIFT_OPTIMIZATION_LEVEL = "-Onone";
			};
			name = Debug;
		};
		6A0FE79E20BBF62900F57405 /* Release */ = {
			isa = XCBuildConfiguration;
			buildSettings = {
				ALWAYS_SEARCH_USER_PATHS = NO;
				CLANG_ANALYZER_NONNULL = YES;
				CLANG_ANALYZER_NUMBER_OBJECT_CONVERSION = YES_AGGRESSIVE;
				CLANG_CXX_LANGUAGE_STANDARD = "gnu++14";
				CLANG_CXX_LIBRARY = "libc++";
				CLANG_ENABLE_MODULES = YES;
				CLANG_ENABLE_OBJC_ARC = YES;
				CLANG_ENABLE_OBJC_WEAK = YES;
				CLANG_WARN_BLOCK_CAPTURE_AUTORELEASING = YES;
				CLANG_WARN_BOOL_CONVERSION = YES;
				CLANG_WARN_COMMA = YES;
				CLANG_WARN_CONSTANT_CONVERSION = YES;
				CLANG_WARN_DEPRECATED_OBJC_IMPLEMENTATIONS = YES;
				CLANG_WARN_DIRECT_OBJC_ISA_USAGE = YES_ERROR;
				CLANG_WARN_DOCUMENTATION_COMMENTS = YES;
				CLANG_WARN_EMPTY_BODY = YES;
				CLANG_WARN_ENUM_CONVERSION = YES;
				CLANG_WARN_INFINITE_RECURSION = YES;
				CLANG_WARN_INT_CONVERSION = YES;
				CLANG_WARN_NON_LITERAL_NULL_CONVERSION = YES;
				CLANG_WARN_OBJC_IMPLICIT_RETAIN_SELF = YES;
				CLANG_WARN_OBJC_LITERAL_CONVERSION = YES;
				CLANG_WARN_OBJC_ROOT_CLASS = YES_ERROR;
				CLANG_WARN_RANGE_LOOP_ANALYSIS = YES;
				CLANG_WARN_STRICT_PROTOTYPES = YES;
				CLANG_WARN_SUSPICIOUS_MOVE = YES;
				CLANG_WARN_UNGUARDED_AVAILABILITY = YES_AGGRESSIVE;
				CLANG_WARN_UNREACHABLE_CODE = YES;
				CLANG_WARN__DUPLICATE_METHOD_MATCH = YES;
				CODE_SIGN_IDENTITY = "iPhone Developer";
				COPY_PHASE_STRIP = NO;
				DEBUG_INFORMATION_FORMAT = "dwarf-with-dsym";
				ENABLE_NS_ASSERTIONS = NO;
				ENABLE_STRICT_OBJC_MSGSEND = YES;
				GCC_C_LANGUAGE_STANDARD = gnu11;
				GCC_NO_COMMON_BLOCKS = YES;
				GCC_WARN_64_TO_32_BIT_CONVERSION = YES;
				GCC_WARN_ABOUT_RETURN_TYPE = YES_ERROR;
				GCC_WARN_UNDECLARED_SELECTOR = YES;
				GCC_WARN_UNINITIALIZED_AUTOS = YES_AGGRESSIVE;
				GCC_WARN_UNUSED_FUNCTION = YES;
				GCC_WARN_UNUSED_VARIABLE = YES;
				IPHONEOS_DEPLOYMENT_TARGET = 11.3;
				MTL_ENABLE_DEBUG_INFO = NO;
				SDKROOT = iphoneos;
				SWIFT_COMPILATION_MODE = wholemodule;
				SWIFT_OPTIMIZATION_LEVEL = "-O";
				VALIDATE_PRODUCT = YES;
			};
			name = Release;
		};
		6A0FE7A020BBF62900F57405 /* Debug */ = {
			isa = XCBuildConfiguration;
			baseConfigurationReference = 148CEFB55D518DEB8730DB64 /* Pods-soda.debug.xcconfig */;
			buildSettings = {
				ASSETCATALOG_COMPILER_APPICON_NAME = AppIcon;
				CODE_SIGN_STYLE = Automatic;
				DEVELOPMENT_TEAM = N2N3P7R2Y2;
				INFOPLIST_FILE = soda/Info.plist;
				IPHONEOS_DEPLOYMENT_TARGET = 11.4;
				LD_RUNPATH_SEARCH_PATHS = (
					"$(inherited)",
					"@executable_path/Frameworks",
				);
				PRODUCT_BUNDLE_IDENTIFIER = com.takayamashi.soda;
				PRODUCT_NAME = "$(TARGET_NAME)";
				SWIFT_VERSION = 4.0;
				TARGETED_DEVICE_FAMILY = "1,2";
			};
			name = Debug;
		};
		6A0FE7A120BBF62900F57405 /* Release */ = {
			isa = XCBuildConfiguration;
			baseConfigurationReference = 44CD6AFB04949879D18F3300 /* Pods-soda.release.xcconfig */;
			buildSettings = {
				ASSETCATALOG_COMPILER_APPICON_NAME = AppIcon;
				CODE_SIGN_STYLE = Automatic;
				DEVELOPMENT_TEAM = N2N3P7R2Y2;
				INFOPLIST_FILE = soda/Info.plist;
				IPHONEOS_DEPLOYMENT_TARGET = 11.4;
				LD_RUNPATH_SEARCH_PATHS = (
					"$(inherited)",
					"@executable_path/Frameworks",
				);
				PRODUCT_BUNDLE_IDENTIFIER = com.takayamashi.soda;
				PRODUCT_NAME = "$(TARGET_NAME)";
				SWIFT_VERSION = 4.0;
				TARGETED_DEVICE_FAMILY = "1,2";
			};
			name = Release;
		};
/* End XCBuildConfiguration section */

/* Begin XCConfigurationList section */
		6A0FE78820BBF62700F57405 /* Build configuration list for PBXProject "soda" */ = {
			isa = XCConfigurationList;
			buildConfigurations = (
				6A0FE79D20BBF62900F57405 /* Debug */,
				6A0FE79E20BBF62900F57405 /* Release */,
			);
			defaultConfigurationIsVisible = 0;
			defaultConfigurationName = Release;
		};
		6A0FE79F20BBF62900F57405 /* Build configuration list for PBXNativeTarget "soda" */ = {
			isa = XCConfigurationList;
			buildConfigurations = (
				6A0FE7A020BBF62900F57405 /* Debug */,
				6A0FE7A120BBF62900F57405 /* Release */,
			);
			defaultConfigurationIsVisible = 0;
			defaultConfigurationName = Release;
		};
/* End XCConfigurationList section */
	};
	rootObject = 6A0FE78520BBF62700F57405 /* Project object */;
}
